
Microsoft Visual Studio Solution File, Format Version 12.00
# Visual Studio Version 17
VisualStudioVersion = 17.5.002.0
MinimumVisualStudioVersion = 10.0.40219.1
Project("{9A19103F-16F7-4668-BE54-9A1E7A4F7556}") = "AudioPlayerLibrary", "AudioPlayerLibrary.csproj", "{0DE60D73-3918-41DE-A8D0-14E292954A01}"
EndProject
Global
	GlobalSection(SolutionConfigurationPlatforms) = preSolution
		Debug|Any CPU = Debug|Any CPU
		Release|Any CPU = Release|Any CPU
	EndGlobalSection
	GlobalSection(ProjectConfigurationPlatforms) = postSolution
		{0DE60D73-3918-41DE-A8D0-14E292954A01}.Debug|Any CPU.ActiveCfg = Debug|Any CPU
		{0DE60D73-3918-41DE-A8D0-14E292954A01}.Debug|Any CPU.Build.0 = Debug|Any CPU
		{0DE60D73-3918-41DE-A8D0-14E292954A01}.Release|Any CPU.ActiveCfg = Release|Any CPU
		{0DE60D73-3918-41DE-A8D0-14E292954A01}.Release|Any CPU.Build.0 = Release|Any CPU
	EndGlobalSection
	GlobalSection(SolutionProperties) = preSolution
		HideSolutionNode = FALSE
	EndGlobalSection
	GlobalSection(ExtensibilityGlobals) = postSolution
		SolutionGuid = {DD4AE2F1-4684-4153-8FBA-8493980FFBF6}
	EndGlobalSection
EndGlobal
